
Microsoft Visual Studio Solution File, Format Version 12.00
# Visual Studio Version 17
VisualStudioVersion = 17.9.34701.34
MinimumVisualStudioVersion = 10.0.40219.1
Project("{FAE04EC0-301F-11D3-BF4B-00C04F79EFBC}") = "LinqExpressionTree", "LinqExpressionTree\LinqExpressionTree.csproj", "{C0BC17F7-015D-4237-B3C0-8485C1F8B6FE}"
EndProject
Global
	GlobalSection(SolutionConfigurationPlatforms) = preSolution
		Debug|Any CPU = Debug|Any CPU
		Release|Any CPU = Release|Any CPU
	EndGlobalSection
	GlobalSection(ProjectConfigurationPlatforms) = postSolution
		{C0BC17F7-015D-4237-B3C0-8485C1F8B6FE}.Debug|Any CPU.ActiveCfg = Debug|Any CPU
		{C0BC17F7-015D-4237-B3C0-8485C1F8B6FE}.Debug|Any CPU.Build.0 = Debug|Any CPU
		{C0BC17F7-015D-4237-B3C0-8485C1F8B6FE}.Release|Any CPU.ActiveCfg = Release|Any CPU
		{C0BC17F7-015D-4237-B3C0-8485C1F8B6FE}.Release|Any CPU.Build.0 = Release|Any CPU
	EndGlobalSection
	GlobalSection(SolutionProperties) = preSolution
		HideSolutionNode = FALSE
	EndGlobalSection
	GlobalSection(ExtensibilityGlobals) = postSolution
		SolutionGuid = {6B1F1740-B1B5-48B0-9C9B-C368D14F2D65}
	EndGlobalSection
EndGlobal
